
Microsoft Visual Studio Solution File, Format Version 12.00
# Visual Studio Version 17
VisualStudioVersion = 17.14.36301.6 d17.14
MinimumVisualStudioVersion = 10.0.40219.1
Project("{FAE04EC0-301F-11D3-BF4B-00C04F79EFBC}") = "SystemMonitorUDP", "SystemMonitorUDP\SystemMonitorUDP.csproj", "{CF5AD3ED-734F-4AF5-8449-43211BE48B5D}"
EndProject
Global
	GlobalSection(SolutionConfigurationPlatforms) = preSolution
		Debug|Any CPU = Debug|Any CPU
		Release|Any CPU = Release|Any CPU
	EndGlobalSection
	GlobalSection(ProjectConfigurationPlatforms) = postSolution
		{CF5AD3ED-734F-4AF5-8449-43211BE48B5D}.Debug|Any CPU.ActiveCfg = Debug|Any CPU
		{CF5AD3ED-734F-4AF5-8449-43211BE48B5D}.Debug|Any CPU.Build.0 = Debug|Any CPU
		{CF5AD3ED-734F-4AF5-8449-43211BE48B5D}.Release|Any CPU.ActiveCfg = Release|Any CPU
		{CF5AD3ED-734F-4AF5-8449-43211BE48B5D}.Release|Any CPU.Build.0 = Release|Any CPU
	EndGlobalSection
	GlobalSection(SolutionProperties) = preSolution
		HideSolutionNode = FALSE
	EndGlobalSection
	GlobalSection(ExtensibilityGlobals) = postSolution
		SolutionGuid = {FA67E93E-C194-467C-9505-1F885BAFD0B3}
	EndGlobalSection
EndGlobal
